
Microsoft Visual Studio Solution File, Format Version 12.00
# Visual Studio 2013
VisualStudioVersion = 12.0.30723.0
MinimumVisualStudioVersion = 10.0.40219.1
Project("{FAE04EC0-301F-11D3-BF4B-00C04F79EFBC}") = "CodeExamine", "CodeExamine\CodeExamine.csproj", "{44405CD5-B8DF-4FC6-BEFD-6973906A53E5}"
EndProject
Project("{FAE04EC0-301F-11D3-BF4B-00C04F79EFBC}") = "MakeConstant", "MakeConstant\MakeConstant.csproj", "{D967161F-A339-4E59-8BF0-46DEAE2B7C61}"
EndProject
Global
	GlobalSection(SolutionConfigurationPlatforms) = preSolution
		Debug|Any CPU = Debug|Any CPU
		Release|Any CPU = Release|Any CPU
	EndGlobalSection
	GlobalSection(ProjectConfigurationPlatforms) = postSolution
		{44405CD5-B8DF-4FC6-BEFD-6973906A53E5}.Debug|Any CPU.ActiveCfg = Debug|Any CPU
		{44405CD5-B8DF-4FC6-BEFD-6973906A53E5}.Debug|Any CPU.Build.0 = Debug|Any CPU
		{44405CD5-B8DF-4FC6-BEFD-6973906A53E5}.Release|Any CPU.ActiveCfg = Release|Any CPU
		{44405CD5-B8DF-4FC6-BEFD-6973906A53E5}.Release|Any CPU.Build.0 = Release|Any CPU
		{D967161F-A339-4E59-8BF0-46DEAE2B7C61}.Debug|Any CPU.ActiveCfg = Debug|Any CPU
		{D967161F-A339-4E59-8BF0-46DEAE2B7C61}.Debug|Any CPU.Build.0 = Debug|Any CPU
		{D967161F-A339-4E59-8BF0-46DEAE2B7C61}.Release|Any CPU.ActiveCfg = Release|Any CPU
		{D967161F-A339-4E59-8BF0-46DEAE2B7C61}.Release|Any CPU.Build.0 = Release|Any CPU
	EndGlobalSection
	GlobalSection(SolutionProperties) = preSolution
		HideSolutionNode = FALSE
	EndGlobalSection
EndGlobal
